id: gr_phil_mux
label: mux
category: '[gr_phil]'

templates:
  imports: import gr_phil
  make: gr_phil.mux(${select},${num_inputs},${dtype.intval})
  callbacks:
  - set_select(${select})

parameters:
- id: select
  label: select
  dtype: int
- id: num_inputs
  label: Num Inputs
  dtype: int
  default: '2'
  hide: part
- id: dtype
  label: dtype
  dtype: enum
  options: [complex, float, int, short, byte]
  option_attributes:
    intval: [0,1,2,3,4]
    offset_type: [complex, real, int, short, byte]
  hide: part

inputs:
- label: in
  domain: stream
  dtype: ${ dtype.offset_type }
  vlen: 1
  multiplicity: ${ num_inputs }

outputs:
- label: out
  domain: stream
  dtype: ${ dtype.offset_type }
  vlen: 1

file_format: 1

documentation: |-
  Multiplexer:
    select: choose the stream. indexing starts at 0
